{
  "version": 4,
  "terraform_version": "1.2.5",
  "serial": 16,
  "lineage": "b44d0923-25e3-b63e-a301-9ac7dd51bc42",
  "outputs": {},
  "resources": [
    {
      "mode": "data",
      "type": "azuread_client_config",
      "name": "current",
      "provider": "provider[\"registry.terraform.io/hashicorp/azuread\"]",
      "instances": [
        {
          "schema_version": 0,
          "attributes": {
            "client_id": "ab900b2f-c475-4322-9d47-a93123405ca9",
            "id": "1faf88fe-a998-4c5b-93c9-210a11d9a5c2-ab900b2f-c475-4322-9d47-a93123405ca9-72c0f7b1-258d-4a71-b6a5-c30d336e1e9d",
            "object_id": "72c0f7b1-258d-4a71-b6a5-c30d336e1e9d",
            "tenant_id": "1faf88fe-a998-4c5b-93c9-210a11d9a5c2",
            "timeouts": null
          },
          "sensitive_attributes": []
        }
      ]
    },
    {
      "mode": "managed",
      "type": "azuread_group",
      "name": "sg",
      "provider": "provider[\"registry.terraform.io/hashicorp/azuread\"]",
      "instances": [
        {
          "index_key": "test-sg-p1tf",
          "schema_version": 0,
          "attributes": {
            "administrative_unit_ids": null,
            "assignable_to_role": false,
            "auto_subscribe_new_members": false,
            "behaviors": null,
            "description": "",
            "display_name": "test-sg-p1tf",
            "dynamic_membership": [],
            "external_senders_allowed": false,
            "hide_from_address_lists": false,
            "hide_from_outlook_clients": false,
            "id": "bdee5ac8-7057-44c3-bff0-cd3e0e131f34",
            "mail": "",
            "mail_enabled": false,
            "mail_nickname": "8d6572a9-c",
            "members": [
              "d98bd1bd-6e76-497f-b3dd-e4cdceb142aa",
              "e2c35b95-c1f3-4819-b337-119ae400ff9e"
            ],
            "object_id": "bdee5ac8-7057-44c3-bff0-cd3e0e131f34",
            "onpremises_domain_name": "",
            "onpremises_group_type": "",
            "onpremises_netbios_name": "",
            "onpremises_sam_account_name": "",
            "onpremises_security_identifier": "",
            "onpremises_sync_enabled": false,
            "owners": [
              "72c0f7b1-258d-4a71-b6a5-c30d336e1e9d",
              "d98bd1bd-6e76-497f-b3dd-e4cdceb142aa",
              "e2c35b95-c1f3-4819-b337-119ae400ff9e"
            ],
            "preferred_language": "",
            "prevent_duplicate_names": false,
            "provisioning_options": null,
            "proxy_addresses": [],
            "security_enabled": true,
            "theme": "",
            "timeouts": null,
            "types": null,
            "visibility": "",
            "writeback_enabled": false
          },
          "sensitive_attributes": [],
          "private": "eyJlMmJmYjczMC1lY2FhLTExZTYtOGY4OC0zNDM2M2JjN2M0YzAiOnsiY3JlYXRlIjoxMjAwMDAwMDAwMDAwLCJkZWxldGUiOjMwMDAwMDAwMDAwMCwicmVhZCI6MzAwMDAwMDAwMDAwLCJ1cGRhdGUiOjEyMDAwMDAwMDAwMDB9fQ==",
          "dependencies": [
            "data.azuread_client_config.current"
          ]
        }
      ]
    }
  ]
}
